
Microsoft Visual Studio Solution File, Format Version 12.00
# Visual Studio Version 17
VisualStudioVersion = 17.4.33403.182
MinimumVisualStudioVersion = 10.0.40219.1
Project("{FAE04EC0-301F-11D3-BF4B-00C04F79EFBC}") = "Expense Tracker App", "Expense Tracker App\Expense Tracker App.csproj", "{B3B1B71A-59A8-45ED-8C74-AE4971E3D308}"
EndProject
Global
	GlobalSection(SolutionConfigurationPlatforms) = preSolution
		Debug|Any CPU = Debug|Any CPU
		Release|Any CPU = Release|Any CPU
	EndGlobalSection
	GlobalSection(ProjectConfigurationPlatforms) = postSolution
		{B3B1B71A-59A8-45ED-8C74-AE4971E3D308}.Debug|Any CPU.ActiveCfg = Debug|Any CPU
		{B3B1B71A-59A8-45ED-8C74-AE4971E3D308}.Debug|Any CPU.Build.0 = Debug|Any CPU
		{B3B1B71A-59A8-45ED-8C74-AE4971E3D308}.Release|Any CPU.ActiveCfg = Release|Any CPU
		{B3B1B71A-59A8-45ED-8C74-AE4971E3D308}.Release|Any CPU.Build.0 = Release|Any CPU
	EndGlobalSection
	GlobalSection(SolutionProperties) = preSolution
		HideSolutionNode = FALSE
	EndGlobalSection
	GlobalSection(ExtensibilityGlobals) = postSolution
		SolutionGuid = {1486CBB8-5A77-4037-AFC5-3523D9F6AE92}
	EndGlobalSection
EndGlobal
